
Microsoft Visual Studio Solution File, Format Version 12.00
# Visual Studio Version 16
VisualStudioVersion = 16.0.30717.126
MinimumVisualStudioVersion = 10.0.40219.1
Project("{8BC9CEB8-8B4A-11D0-8D11-00A0C91BC942}") = "实验2.5", "实验2.5\实验2.5.vcxproj", "{5887BF6A-DCD6-4329-8ED3-347DCA4115CF}"
EndProject
Global
	GlobalSection(SolutionConfigurationPlatforms) = preSolution
		Debug|x64 = Debug|x64
		Debug|x86 = Debug|x86
		Release|x64 = Release|x64
		Release|x86 = Release|x86
	EndGlobalSection
	GlobalSection(ProjectConfigurationPlatforms) = postSolution
		{5887BF6A-DCD6-4329-8ED3-347DCA4115CF}.Debug|x64.ActiveCfg = Debug|x64
		{5887BF6A-DCD6-4329-8ED3-347DCA4115CF}.Debug|x64.Build.0 = Debug|x64
		{5887BF6A-DCD6-4329-8ED3-347DCA4115CF}.Debug|x86.ActiveCfg = Debug|Win32
		{5887BF6A-DCD6-4329-8ED3-347DCA4115CF}.Debug|x86.Build.0 = Debug|Win32
		{5887BF6A-DCD6-4329-8ED3-347DCA4115CF}.Release|x64.ActiveCfg = Release|x64
		{5887BF6A-DCD6-4329-8ED3-347DCA4115CF}.Release|x64.Build.0 = Release|x64
		{5887BF6A-DCD6-4329-8ED3-347DCA4115CF}.Release|x86.ActiveCfg = Release|Win32
		{5887BF6A-DCD6-4329-8ED3-347DCA4115CF}.Release|x86.Build.0 = Release|Win32
	EndGlobalSection
	GlobalSection(SolutionProperties) = preSolution
		HideSolutionNode = FALSE
	EndGlobalSection
	GlobalSection(ExtensibilityGlobals) = postSolution
		SolutionGuid = {76C272CA-322D-40A9-A0F1-58A91CEF1EA2}
	EndGlobalSection
EndGlobal
