
Microsoft Visual Studio Solution File, Format Version 12.00
# Visual Studio Version 16
VisualStudioVersion = 16.0.30717.126
MinimumVisualStudioVersion = 10.0.40219.1
Project("{8BC9CEB8-8B4A-11D0-8D11-00A0C91BC942}") = "实验2.3", "实验2.3\实验2.3.vcxproj", "{9B4E0BC5-7DD9-42AA-95B5-3DDE96D0761F}"
EndProject
Global
	GlobalSection(SolutionConfigurationPlatforms) = preSolution
		Debug|x64 = Debug|x64
		Debug|x86 = Debug|x86
		Release|x64 = Release|x64
		Release|x86 = Release|x86
	EndGlobalSection
	GlobalSection(ProjectConfigurationPlatforms) = postSolution
		{9B4E0BC5-7DD9-42AA-95B5-3DDE96D0761F}.Debug|x64.ActiveCfg = Debug|x64
		{9B4E0BC5-7DD9-42AA-95B5-3DDE96D0761F}.Debug|x64.Build.0 = Debug|x64
		{9B4E0BC5-7DD9-42AA-95B5-3DDE96D0761F}.Debug|x86.ActiveCfg = Debug|Win32
		{9B4E0BC5-7DD9-42AA-95B5-3DDE96D0761F}.Debug|x86.Build.0 = Debug|Win32
		{9B4E0BC5-7DD9-42AA-95B5-3DDE96D0761F}.Release|x64.ActiveCfg = Release|x64
		{9B4E0BC5-7DD9-42AA-95B5-3DDE96D0761F}.Release|x64.Build.0 = Release|x64
		{9B4E0BC5-7DD9-42AA-95B5-3DDE96D0761F}.Release|x86.ActiveCfg = Release|Win32
		{9B4E0BC5-7DD9-42AA-95B5-3DDE96D0761F}.Release|x86.Build.0 = Release|Win32
	EndGlobalSection
	GlobalSection(SolutionProperties) = preSolution
		HideSolutionNode = FALSE
	EndGlobalSection
	GlobalSection(ExtensibilityGlobals) = postSolution
		SolutionGuid = {2E9398BC-69B5-4613-8411-51DCF07EBE04}
	EndGlobalSection
EndGlobal
